{
  "name": "janitor",
  "version": "1.0.0",
  "lockfileVersion": 2,
  "requires": true,
  "packages": {
    "": {
      "name": "janitor",
      "version": "1.0.0",
      "license": "MIT",
      "dependencies": {
        "@quenty/loader": "^6.0.1"
      }
    },
    "node_modules/@quenty/loader": {
      "version": "6.0.1",
      "resolved": "https://registry.npmjs.org/@quenty/loader/-/loader-6.0.1.tgz",
      "integrity": "sha512-p4b+X/wfagqWewf50ujF2O6lVhGAReZGfmEIJeyq7vbNHsZc5+yIuok0bcT8KSySx6oivs6b6iMqFmuV7wmwKw==",
      "funding": {
        "type": "patreon",
        "url": "https://www.patreon.com/quenty"
      }
    }
  },
  "dependencies": {
    "@quenty/loader": {
      "version": "6.0.1",
      "resolved": "https://registry.npmjs.org/@quenty/loader/-/loader-6.0.1.tgz",
      "integrity": "sha512-p4b+X/wfagqWewf50ujF2O6lVhGAReZGfmEIJeyq7vbNHsZc5+yIuok0bcT8KSySx6oivs6b6iMqFmuV7wmwKw=="
    }
  }
}
